
Microsoft Visual Studio Solution File, Format Version 12.00
# Visual Studio Version 17
VisualStudioVersion = 17.5.33502.453
MinimumVisualStudioVersion = 10.0.40219.1
Project("{FAE04EC0-301F-11D3-BF4B-00C04F79EFBC}") = "ConsoleApp1", "ConsoleApp1\ConsoleApp1.csproj", "{CCA771C4-C6AD-44A1-AEE2-EEEE3200A007}"
EndProject
Global
	GlobalSection(SolutionConfigurationPlatforms) = preSolution
		Debug|Any CPU = Debug|Any CPU
		Release|Any CPU = Release|Any CPU
	EndGlobalSection
	GlobalSection(ProjectConfigurationPlatforms) = postSolution
		{CCA771C4-C6AD-44A1-AEE2-EEEE3200A007}.Debug|Any CPU.ActiveCfg = Debug|Any CPU
		{CCA771C4-C6AD-44A1-AEE2-EEEE3200A007}.Debug|Any CPU.Build.0 = Debug|Any CPU
		{CCA771C4-C6AD-44A1-AEE2-EEEE3200A007}.Release|Any CPU.ActiveCfg = Release|Any CPU
		{CCA771C4-C6AD-44A1-AEE2-EEEE3200A007}.Release|Any CPU.Build.0 = Release|Any CPU
	EndGlobalSection
	GlobalSection(SolutionProperties) = preSolution
		HideSolutionNode = FALSE
	EndGlobalSection
	GlobalSection(ExtensibilityGlobals) = postSolution
		SolutionGuid = {EA50F13F-6987-446C-B26A-46AE99E14A0A}
	EndGlobalSection
EndGlobal
