
Microsoft Visual Studio Solution File, Format Version 12.00
# Visual Studio Version 16
VisualStudioVersion = 16.0.33423.256
MinimumVisualStudioVersion = 10.0.40219.1
Project("{8BC9CEB8-8B4A-11D0-8D11-00A0C91BC942}") = "LAB6", "LAB6\LAB6.vcxproj", "{969C1116-FCAB-4C43-93AE-0D19BD3D9EF1}"
EndProject
Global
	GlobalSection(SolutionConfigurationPlatforms) = preSolution
		Debug|x64 = Debug|x64
		Debug|x86 = Debug|x86
		Release|x64 = Release|x64
		Release|x86 = Release|x86
	EndGlobalSection
	GlobalSection(ProjectConfigurationPlatforms) = postSolution
		{969C1116-FCAB-4C43-93AE-0D19BD3D9EF1}.Debug|x64.ActiveCfg = Debug|x64
		{969C1116-FCAB-4C43-93AE-0D19BD3D9EF1}.Debug|x64.Build.0 = Debug|x64
		{969C1116-FCAB-4C43-93AE-0D19BD3D9EF1}.Debug|x86.ActiveCfg = Debug|Win32
		{969C1116-FCAB-4C43-93AE-0D19BD3D9EF1}.Debug|x86.Build.0 = Debug|Win32
		{969C1116-FCAB-4C43-93AE-0D19BD3D9EF1}.Release|x64.ActiveCfg = Release|x64
		{969C1116-FCAB-4C43-93AE-0D19BD3D9EF1}.Release|x64.Build.0 = Release|x64
		{969C1116-FCAB-4C43-93AE-0D19BD3D9EF1}.Release|x86.ActiveCfg = Release|Win32
		{969C1116-FCAB-4C43-93AE-0D19BD3D9EF1}.Release|x86.Build.0 = Release|Win32
	EndGlobalSection
	GlobalSection(SolutionProperties) = preSolution
		HideSolutionNode = FALSE
	EndGlobalSection
	GlobalSection(ExtensibilityGlobals) = postSolution
		SolutionGuid = {86E07E2C-F2B0-4D6A-A0EF-3D575EA6C622}
	EndGlobalSection
EndGlobal
